
Microsoft Visual Studio Solution File, Format Version 12.00
# Visual Studio Version 17
VisualStudioVersion = 17.7.34024.191
MinimumVisualStudioVersion = 10.0.40219.1
Project("{FAE04EC0-301F-11D3-BF4B-00C04F79EFBC}") = "MockIdentityServer", "MockIdentityServer\MockIdentityServer.csproj", "{5318DE6B-3412-438F-BB6F-5F37FDD4F129}"
EndProject
Global
	GlobalSection(SolutionConfigurationPlatforms) = preSolution
		Debug|Any CPU = Debug|Any CPU
		Release|Any CPU = Release|Any CPU
	EndGlobalSection
	GlobalSection(ProjectConfigurationPlatforms) = postSolution
		{5318DE6B-3412-438F-BB6F-5F37FDD4F129}.Debug|Any CPU.ActiveCfg = Debug|Any CPU
		{5318DE6B-3412-438F-BB6F-5F37FDD4F129}.Debug|Any CPU.Build.0 = Debug|Any CPU
		{5318DE6B-3412-438F-BB6F-5F37FDD4F129}.Release|Any CPU.ActiveCfg = Release|Any CPU
		{5318DE6B-3412-438F-BB6F-5F37FDD4F129}.Release|Any CPU.Build.0 = Release|Any CPU
	EndGlobalSection
	GlobalSection(SolutionProperties) = preSolution
		HideSolutionNode = FALSE
	EndGlobalSection
	GlobalSection(ExtensibilityGlobals) = postSolution
		SolutionGuid = {D7DB4328-6CE1-4D84-AB5E-C1E41629948D}
	EndGlobalSection
EndGlobal
